
Microsoft Visual Studio Solution File, Format Version 12.00
# Visual Studio Version 16
VisualStudioVersion = 16.0.32413.511
MinimumVisualStudioVersion = 10.0.40219.1
Project("{FAE04EC0-301F-11D3-BF4B-00C04F79EFBC}") = "TotalWage_Company", "TotalWage_Company\TotalWage_Company.csproj", "{5A26785A-9B43-446B-9D92-CC10260AE3AF}"
EndProject
Global
	GlobalSection(SolutionConfigurationPlatforms) = preSolution
		Debug|Any CPU = Debug|Any CPU
		Release|Any CPU = Release|Any CPU
	EndGlobalSection
	GlobalSection(ProjectConfigurationPlatforms) = postSolution
		{5A26785A-9B43-446B-9D92-CC10260AE3AF}.Debug|Any CPU.ActiveCfg = Debug|Any CPU
		{5A26785A-9B43-446B-9D92-CC10260AE3AF}.Debug|Any CPU.Build.0 = Debug|Any CPU
		{5A26785A-9B43-446B-9D92-CC10260AE3AF}.Release|Any CPU.ActiveCfg = Release|Any CPU
		{5A26785A-9B43-446B-9D92-CC10260AE3AF}.Release|Any CPU.Build.0 = Release|Any CPU
	EndGlobalSection
	GlobalSection(SolutionProperties) = preSolution
		HideSolutionNode = FALSE
	EndGlobalSection
	GlobalSection(ExtensibilityGlobals) = postSolution
		SolutionGuid = {10EA6B64-F023-42A7-BB70-419641C47230}
	EndGlobalSection
EndGlobal
