
Microsoft Visual Studio Solution File, Format Version 12.00
# Visual Studio Version 16
VisualStudioVersion = 16.0.32413.511
MinimumVisualStudioVersion = 10.0.40219.1
Project("{FAE04EC0-301F-11D3-BF4B-00C04F79EFBC}") = "EmpWage_DailyData", "EmpWage_DailyData\EmpWage_DailyData.csproj", "{93DAABA6-6620-4E25-B8F5-9D310CE9944D}"
EndProject
Global
	GlobalSection(SolutionConfigurationPlatforms) = preSolution
		Debug|Any CPU = Debug|Any CPU
		Release|Any CPU = Release|Any CPU
	EndGlobalSection
	GlobalSection(ProjectConfigurationPlatforms) = postSolution
		{93DAABA6-6620-4E25-B8F5-9D310CE9944D}.Debug|Any CPU.ActiveCfg = Debug|Any CPU
		{93DAABA6-6620-4E25-B8F5-9D310CE9944D}.Debug|Any CPU.Build.0 = Debug|Any CPU
		{93DAABA6-6620-4E25-B8F5-9D310CE9944D}.Release|Any CPU.ActiveCfg = Release|Any CPU
		{93DAABA6-6620-4E25-B8F5-9D310CE9944D}.Release|Any CPU.Build.0 = Release|Any CPU
	EndGlobalSection
	GlobalSection(SolutionProperties) = preSolution
		HideSolutionNode = FALSE
	EndGlobalSection
	GlobalSection(ExtensibilityGlobals) = postSolution
		SolutionGuid = {DC051A2F-63B8-4810-A680-950735856EC8}
	EndGlobalSection
EndGlobal
