
Microsoft Visual Studio Solution File, Format Version 12.00
# Visual Studio Version 16
VisualStudioVersion = 16.0.32413.511
MinimumVisualStudioVersion = 10.0.40219.1
Project("{FAE04EC0-301F-11D3-BF4B-00C04F79EFBC}") = "emp_wage_multiple_companies", "emp_wage_multiple_companies\emp_wage_multiple_companies.csproj", "{6A24B949-B34E-4284-AEEF-C7BD26025A0F}"
EndProject
Global
	GlobalSection(SolutionConfigurationPlatforms) = preSolution
		Debug|Any CPU = Debug|Any CPU
		Release|Any CPU = Release|Any CPU
	EndGlobalSection
	GlobalSection(ProjectConfigurationPlatforms) = postSolution
		{6A24B949-B34E-4284-AEEF-C7BD26025A0F}.Debug|Any CPU.ActiveCfg = Debug|Any CPU
		{6A24B949-B34E-4284-AEEF-C7BD26025A0F}.Debug|Any CPU.Build.0 = Debug|Any CPU
		{6A24B949-B34E-4284-AEEF-C7BD26025A0F}.Release|Any CPU.ActiveCfg = Release|Any CPU
		{6A24B949-B34E-4284-AEEF-C7BD26025A0F}.Release|Any CPU.Build.0 = Release|Any CPU
	EndGlobalSection
	GlobalSection(SolutionProperties) = preSolution
		HideSolutionNode = FALSE
	EndGlobalSection
	GlobalSection(ExtensibilityGlobals) = postSolution
		SolutionGuid = {016C56E9-5E25-4287-9AB7-844A3B9A7976}
	EndGlobalSection
EndGlobal
