
Microsoft Visual Studio Solution File, Format Version 12.00
# Visual Studio Version 16
VisualStudioVersion = 16.0.32413.511
MinimumVisualStudioVersion = 10.0.40219.1
Project("{FAE04EC0-301F-11D3-BF4B-00C04F79EFBC}") = "EmpWageUsingInterface", "EmpWageUsingInterface\EmpWageUsingInterface.csproj", "{126DA0F8-4E53-4B23-8474-99E7B221A063}"
EndProject
Global
	GlobalSection(SolutionConfigurationPlatforms) = preSolution
		Debug|Any CPU = Debug|Any CPU
		Release|Any CPU = Release|Any CPU
	EndGlobalSection
	GlobalSection(ProjectConfigurationPlatforms) = postSolution
		{126DA0F8-4E53-4B23-8474-99E7B221A063}.Debug|Any CPU.ActiveCfg = Debug|Any CPU
		{126DA0F8-4E53-4B23-8474-99E7B221A063}.Debug|Any CPU.Build.0 = Debug|Any CPU
		{126DA0F8-4E53-4B23-8474-99E7B221A063}.Release|Any CPU.ActiveCfg = Release|Any CPU
		{126DA0F8-4E53-4B23-8474-99E7B221A063}.Release|Any CPU.Build.0 = Release|Any CPU
	EndGlobalSection
	GlobalSection(SolutionProperties) = preSolution
		HideSolutionNode = FALSE
	EndGlobalSection
	GlobalSection(ExtensibilityGlobals) = postSolution
		SolutionGuid = {81CCA3F2-6CF0-4AAD-92CA-419677BDB784}
	EndGlobalSection
EndGlobal
